
Microsoft Visual Studio Solution File, Format Version 12.00
# Visual Studio 15
VisualStudioVersion = 15.0.26228.13
MinimumVisualStudioVersion = 10.0.40219.1
Project("{D954291E-2A0B-460D-934E-DC6B0785DB48}") = "Xamarinforms", "Xamarinforms\Xamarinforms\Xamarinforms.shproj", "{784D5EC8-5C92-44BC-862C-D135D62A6F89}"
EndProject
Project("{FAE04EC0-301F-11D3-BF4B-00C04F79EFBC}") = "Xamarinforms.Android", "Xamarinforms\Xamarinforms.Android\Xamarinforms.Android.csproj", "{EDD076A2-C70C-4896-B980-3B107A85667A}"
EndProject
Project("{FAE04EC0-301F-11D3-BF4B-00C04F79EFBC}") = "Xamarinforms.iOS", "Xamarinforms\Xamarinforms.iOS\Xamarinforms.iOS.csproj", "{8AB1C2E1-D37E-44C8-AE80-82D24A3E258E}"
EndProject
Project("{FAE04EC0-301F-11D3-BF4B-00C04F79EFBC}") = "Xamarinforms.UWP", "Xamarinforms\Xamarinforms.UWP\Xamarinforms.UWP.csproj", "{464A34CF-6B7E-4721-9037-CDAC2C6BCB68}"
EndProject
Global
	GlobalSection(SharedMSBuildProjectFiles) = preSolution
		Xamarinforms\Xamarinforms\Xamarinforms.projitems*{464a34cf-6b7e-4721-9037-cdac2c6bcb68}*SharedItemsImports = 4
		Xamarinforms\Xamarinforms\Xamarinforms.projitems*{784d5ec8-5c92-44bc-862c-d135d62a6f89}*SharedItemsImports = 13
		Xamarinforms\Xamarinforms\Xamarinforms.projitems*{8ab1c2e1-d37e-44c8-ae80-82d24a3e258e}*SharedItemsImports = 4
		Xamarinforms\Xamarinforms\Xamarinforms.projitems*{edd076a2-c70c-4896-b980-3b107a85667a}*SharedItemsImports = 4
	EndGlobalSection
	GlobalSection(SolutionConfigurationPlatforms) = preSolution
		Ad-Hoc|Any CPU = Ad-Hoc|Any CPU
		Ad-Hoc|ARM = Ad-Hoc|ARM
		Ad-Hoc|iPhone = Ad-Hoc|iPhone
		Ad-Hoc|iPhoneSimulator = Ad-Hoc|iPhoneSimulator
		Ad-Hoc|x64 = Ad-Hoc|x64
		Ad-Hoc|x86 = Ad-Hoc|x86
		AppStore|Any CPU = AppStore|Any CPU
		AppStore|ARM = AppStore|ARM
		AppStore|iPhone = AppStore|iPhone
		AppStore|iPhoneSimulator = AppStore|iPhoneSimulator
		AppStore|x64 = AppStore|x64
		AppStore|x86 = AppStore|x86
		Debug|Any CPU = Debug|Any CPU
		Debug|ARM = Debug|ARM
		Debug|iPhone = Debug|iPhone
		Debug|iPhoneSimulator = Debug|iPhoneSimulator
		Debug|x64 = Debug|x64
		Debug|x86 = Debug|x86
		Release|Any CPU = Release|Any CPU
		Release|ARM = Release|ARM
		Release|iPhone = Release|iPhone
		Release|iPhoneSimulator = Release|iPhoneSimulator
		Release|x64 = Release|x64
		Release|x86 = Release|x86
	EndGlobalSection
	GlobalSection(ProjectConfigurationPlatforms) = postSolution
		{EDD076A2-C70C-4896-B980-3B107A85667A}.Ad-Hoc|Any CPU.ActiveCfg = Release|Any CPU
		{EDD076A2-C70C-4896-B980-3B107A85667A}.Ad-Hoc|Any CPU.Build.0 = Release|Any CPU
		{EDD076A2-C70C-4896-B980-3B107A85667A}.Ad-Hoc|Any CPU.Deploy.0 = Release|Any CPU
		{EDD076A2-C70C-4896-B980-3B107A85667A}.Ad-Hoc|ARM.ActiveCfg = Release|Any CPU
		{EDD076A2-C70C-4896-B980-3B107A85667A}.Ad-Hoc|ARM.Build.0 = Release|Any CPU
		{EDD076A2-C70C-4896-B980-3B107A85667A}.Ad-Hoc|ARM.Deploy.0 = Release|Any CPU
		{EDD076A2-C70C-4896-B980-3B107A85667A}.Ad-Hoc|iPhone.ActiveCfg = Release|Any CPU
		{EDD076A2-C70C-4896-B980-3B107A85667A}.Ad-Hoc|iPhone.Build.0 = Release|Any CPU
		{EDD076A2-C70C-4896-B980-3B107A85667A}.Ad-Hoc|iPhone.Deploy.0 = Release|Any CPU
		{EDD076A2-C70C-4896-B980-3B107A85667A}.Ad-Hoc|iPhoneSimulator.ActiveCfg = Release|Any CPU
		{EDD076A2-C70C-4896-B980-3B107A85667A}.Ad-Hoc|iPhoneSimulator.Build.0 = Release|Any CPU
		{EDD076A2-C70C-4896-B980-3B107A85667A}.Ad-Hoc|iPhoneSimulator.Deploy.0 = Release|Any CPU
		{EDD076A2-C70C-4896-B980-3B107A85667A}.Ad-Hoc|x64.ActiveCfg = Release|Any CPU
		{EDD076A2-C70C-4896-B980-3B107A85667A}.Ad-Hoc|x64.Build.0 = Release|Any CPU
		{EDD076A2-C70C-4896-B980-3B107A85667A}.Ad-Hoc|x64.Deploy.0 = Release|Any CPU
		{EDD076A2-C70C-4896-B980-3B107A85667A}.Ad-Hoc|x86.ActiveCfg = Release|Any CPU
		{EDD076A2-C70C-4896-B980-3B107A85667A}.Ad-Hoc|x86.Build.0 = Release|Any CPU
		{EDD076A2-C70C-4896-B980-3B107A85667A}.Ad-Hoc|x86.Deploy.0 = Release|Any CPU
		{EDD076A2-C70C-4896-B980-3B107A85667A}.AppStore|Any CPU.ActiveCfg = Release|Any CPU
		{EDD076A2-C70C-4896-B980-3B107A85667A}.AppStore|Any CPU.Build.0 = Release|Any CPU
		{EDD076A2-C70C-4896-B980-3B107A85667A}.AppStore|Any CPU.Deploy.0 = Release|Any CPU
		{EDD076A2-C70C-4896-B980-3B107A85667A}.AppStore|ARM.ActiveCfg = Release|Any CPU
		{EDD076A2-C70C-4896-B980-3B107A85667A}.AppStore|ARM.Build.0 = Release|Any CPU
		{EDD076A2-C70C-4896-B980-3B107A85667A}.AppStore|ARM.Deploy.0 = Release|Any CPU
		{EDD076A2-C70C-4896-B980-3B107A85667A}.AppStore|iPhone.ActiveCfg = Release|Any CPU
		{EDD076A2-C70C-4896-B980-3B107A85667A}.AppStore|iPhone.Build.0 = Release|Any CPU
		{EDD076A2-C70C-4896-B980-3B107A85667A}.AppStore|iPhone.Deploy.0 = Release|Any CPU
		{EDD076A2-C70C-4896-B980-3B107A85667A}.AppStore|iPhoneSimulator.ActiveCfg = Release|Any CPU
		{EDD076A2-C70C-4896-B980-3B107A85667A}.AppStore|iPhoneSimulator.Build.0 = Release|Any CPU
		{EDD076A2-C70C-4896-B980-3B107A85667A}.AppStore|iPhoneSimulator.Deploy.0 = Release|Any CPU
		{EDD076A2-C70C-4896-B980-3B107A85667A}.AppStore|x64.ActiveCfg = Release|Any CPU
		{EDD076A2-C70C-4896-B980-3B107A85667A}.AppStore|x64.Build.0 = Release|Any CPU
		{EDD076A2-C70C-4896-B980-3B107A85667A}.AppStore|x64.Deploy.0 = Release|Any CPU
		{EDD076A2-C70C-4896-B980-3B107A85667A}.AppStore|x86.ActiveCfg = Release|Any CPU
		{EDD076A2-C70C-4896-B980-3B107A85667A}.AppStore|x86.Build.0 = Release|Any CPU
		{EDD076A2-C70C-4896-B980-3B107A85667A}.AppStore|x86.Deploy.0 = Release|Any CPU
		{EDD076A2-C70C-4896-B980-3B107A85667A}.Debug|Any CPU.ActiveCfg = Debug|Any CPU
		{EDD076A2-C70C-4896-B980-3B107A85667A}.Debug|Any CPU.Build.0 = Debug|Any CPU
		{EDD076A2-C70C-4896-B980-3B107A85667A}.Debug|Any CPU.Deploy.0 = Debug|Any CPU
		{EDD076A2-C70C-4896-B980-3B107A85667A}.Debug|ARM.ActiveCfg = Debug|Any CPU
		{EDD076A2-C70C-4896-B980-3B107A85667A}.Debug|ARM.Build.0 = Debug|Any CPU
		{EDD076A2-C70C-4896-B980-3B107A85667A}.Debug|ARM.Deploy.0 = Debug|Any CPU
		{EDD076A2-C70C-4896-B980-3B107A85667A}.Debug|iPhone.ActiveCfg = Debug|Any CPU
		{EDD076A2-C70C-4896-B980-3B107A85667A}.Debug|iPhone.Build.0 = Debug|Any CPU
		{EDD076A2-C70C-4896-B980-3B107A85667A}.Debug|iPhone.Deploy.0 = Debug|Any CPU
		{EDD076A2-C70C-4896-B980-3B107A85667A}.Debug|iPhoneSimulator.ActiveCfg = Debug|Any CPU
		{EDD076A2-C70C-4896-B980-3B107A85667A}.Debug|iPhoneSimulator.Build.0 = Debug|Any CPU
		{EDD076A2-C70C-4896-B980-3B107A85667A}.Debug|iPhoneSimulator.Deploy.0 = Debug|Any CPU
		{EDD076A2-C70C-4896-B980-3B107A85667A}.Debug|x64.ActiveCfg = Debug|Any CPU
		{EDD076A2-C70C-4896-B980-3B107A85667A}.Debug|x64.Build.0 = Debug|Any CPU
		{EDD076A2-C70C-4896-B980-3B107A85667A}.Debug|x64.Deploy.0 = Debug|Any CPU
		{EDD076A2-C70C-4896-B980-3B107A85667A}.Debug|x86.ActiveCfg = Debug|Any CPU
		{EDD076A2-C70C-4896-B980-3B107A85667A}.Debug|x86.Build.0 = Debug|Any CPU
		{EDD076A2-C70C-4896-B980-3B107A85667A}.Debug|x86.Deploy.0 = Debug|Any CPU
		{EDD076A2-C70C-4896-B980-3B107A85667A}.Release|Any CPU.ActiveCfg = Release|Any CPU
		{EDD076A2-C70C-4896-B980-3B107A85667A}.Release|Any CPU.Build.0 = Release|Any CPU
		{EDD076A2-C70C-4896-B980-3B107A85667A}.Release|Any CPU.Deploy.0 = Release|Any CPU
		{EDD076A2-C70C-4896-B980-3B107A85667A}.Release|ARM.ActiveCfg = Release|Any CPU
		{EDD076A2-C70C-4896-B980-3B107A85667A}.Release|ARM.Build.0 = Release|Any CPU
		{EDD076A2-C70C-4896-B980-3B107A85667A}.Release|ARM.Deploy.0 = Release|Any CPU
		{EDD076A2-C70C-4896-B980-3B107A85667A}.Release|iPhone.ActiveCfg = Release|Any CPU
		{EDD076A2-C70C-4896-B980-3B107A85667A}.Release|iPhone.Build.0 = Release|Any CPU
		{EDD076A2-C70C-4896-B980-3B107A85667A}.Release|iPhone.Deploy.0 = Release|Any CPU
		{EDD076A2-C70C-4896-B980-3B107A85667A}.Release|iPhoneSimulator.ActiveCfg = Release|Any CPU
		{EDD076A2-C70C-4896-B980-3B107A85667A}.Release|iPhoneSimulator.Build.0 = Release|Any CPU
		{EDD076A2-C70C-4896-B980-3B107A85667A}.Release|iPhoneSimulator.Deploy.0 = Release|Any CPU
		{EDD076A2-C70C-4896-B980-3B107A85667A}.Release|x64.ActiveCfg = Release|Any CPU
		{EDD076A2-C70C-4896-B980-3B107A85667A}.Release|x64.Build.0 = Release|Any CPU
		{EDD076A2-C70C-4896-B980-3B107A85667A}.Release|x64.Deploy.0 = Release|Any CPU
		{EDD076A2-C70C-4896-B980-3B107A85667A}.Release|x86.ActiveCfg = Release|Any CPU
		{EDD076A2-C70C-4896-B980-3B107A85667A}.Release|x86.Build.0 = Release|Any CPU
		{EDD076A2-C70C-4896-B980-3B107A85667A}.Release|x86.Deploy.0 = Release|Any CPU
		{8AB1C2E1-D37E-44C8-AE80-82D24A3E258E}.Ad-Hoc|Any CPU.ActiveCfg = Ad-Hoc|iPhone
		{8AB1C2E1-D37E-44C8-AE80-82D24A3E258E}.Ad-Hoc|ARM.ActiveCfg = Ad-Hoc|iPhone
		{8AB1C2E1-D37E-44C8-AE80-82D24A3E258E}.Ad-Hoc|iPhone.ActiveCfg = Ad-Hoc|iPhone
		{8AB1C2E1-D37E-44C8-AE80-82D24A3E258E}.Ad-Hoc|iPhone.Build.0 = Ad-Hoc|iPhone
		{8AB1C2E1-D37E-44C8-AE80-82D24A3E258E}.Ad-Hoc|iPhoneSimulator.ActiveCfg = Ad-Hoc|iPhoneSimulator
		{8AB1C2E1-D37E-44C8-AE80-82D24A3E258E}.Ad-Hoc|iPhoneSimulator.Build.0 = Ad-Hoc|iPhoneSimulator
		{8AB1C2E1-D37E-44C8-AE80-82D24A3E258E}.Ad-Hoc|x64.ActiveCfg = Ad-Hoc|iPhone
		{8AB1C2E1-D37E-44C8-AE80-82D24A3E258E}.Ad-Hoc|x86.ActiveCfg = Ad-Hoc|iPhone
		{8AB1C2E1-D37E-44C8-AE80-82D24A3E258E}.AppStore|Any CPU.ActiveCfg = AppStore|iPhone
		{8AB1C2E1-D37E-44C8-AE80-82D24A3E258E}.AppStore|ARM.ActiveCfg = AppStore|iPhone
		{8AB1C2E1-D37E-44C8-AE80-82D24A3E258E}.AppStore|iPhone.ActiveCfg = AppStore|iPhone
		{8AB1C2E1-D37E-44C8-AE80-82D24A3E258E}.AppStore|iPhone.Build.0 = AppStore|iPhone
		{8AB1C2E1-D37E-44C8-AE80-82D24A3E258E}.AppStore|iPhoneSimulator.ActiveCfg = AppStore|iPhoneSimulator
		{8AB1C2E1-D37E-44C8-AE80-82D24A3E258E}.AppStore|iPhoneSimulator.Build.0 = AppStore|iPhoneSimulator
		{8AB1C2E1-D37E-44C8-AE80-82D24A3E258E}.AppStore|x64.ActiveCfg = AppStore|iPhone
		{8AB1C2E1-D37E-44C8-AE80-82D24A3E258E}.AppStore|x86.ActiveCfg = AppStore|iPhone
		{8AB1C2E1-D37E-44C8-AE80-82D24A3E258E}.Debug|Any CPU.ActiveCfg = Debug|iPhone
		{8AB1C2E1-D37E-44C8-AE80-82D24A3E258E}.Debug|ARM.ActiveCfg = Debug|iPhone
		{8AB1C2E1-D37E-44C8-AE80-82D24A3E258E}.Debug|iPhone.ActiveCfg = Debug|iPhone
		{8AB1C2E1-D37E-44C8-AE80-82D24A3E258E}.Debug|iPhone.Build.0 = Debug|iPhone
		{8AB1C2E1-D37E-44C8-AE80-82D24A3E258E}.Debug|iPhoneSimulator.ActiveCfg = Debug|iPhoneSimulator
		{8AB1C2E1-D37E-44C8-AE80-82D24A3E258E}.Debug|iPhoneSimulator.Build.0 = Debug|iPhoneSimulator
		{8AB1C2E1-D37E-44C8-AE80-82D24A3E258E}.Debug|x64.ActiveCfg = Debug|iPhone
		{8AB1C2E1-D37E-44C8-AE80-82D24A3E258E}.Debug|x86.ActiveCfg = Debug|iPhone
		{8AB1C2E1-D37E-44C8-AE80-82D24A3E258E}.Release|Any CPU.ActiveCfg = Release|iPhone
		{8AB1C2E1-D37E-44C8-AE80-82D24A3E258E}.Release|ARM.ActiveCfg = Release|iPhone
		{8AB1C2E1-D37E-44C8-AE80-82D24A3E258E}.Release|iPhone.ActiveCfg = Release|iPhone
		{8AB1C2E1-D37E-44C8-AE80-82D24A3E258E}.Release|iPhone.Build.0 = Release|iPhone
		{8AB1C2E1-D37E-44C8-AE80-82D24A3E258E}.Release|iPhoneSimulator.ActiveCfg = Release|iPhoneSimulator
		{8AB1C2E1-D37E-44C8-AE80-82D24A3E258E}.Release|iPhoneSimulator.Build.0 = Release|iPhoneSimulator
		{8AB1C2E1-D37E-44C8-AE80-82D24A3E258E}.Release|x64.ActiveCfg = Release|iPhone
		{8AB1C2E1-D37E-44C8-AE80-82D24A3E258E}.Release|x86.ActiveCfg = Release|iPhone
		{464A34CF-6B7E-4721-9037-CDAC2C6BCB68}.Ad-Hoc|Any CPU.ActiveCfg = Release|x86
		{464A34CF-6B7E-4721-9037-CDAC2C6BCB68}.Ad-Hoc|Any CPU.Build.0 = Release|x86
		{464A34CF-6B7E-4721-9037-CDAC2C6BCB68}.Ad-Hoc|Any CPU.Deploy.0 = Release|x86
		{464A34CF-6B7E-4721-9037-CDAC2C6BCB68}.Ad-Hoc|ARM.ActiveCfg = Release|ARM
		{464A34CF-6B7E-4721-9037-CDAC2C6BCB68}.Ad-Hoc|ARM.Build.0 = Release|ARM
		{464A34CF-6B7E-4721-9037-CDAC2C6BCB68}.Ad-Hoc|ARM.Deploy.0 = Release|ARM
		{464A34CF-6B7E-4721-9037-CDAC2C6BCB68}.Ad-Hoc|iPhone.ActiveCfg = Release|x86
		{464A34CF-6B7E-4721-9037-CDAC2C6BCB68}.Ad-Hoc|iPhone.Build.0 = Release|x86
		{464A34CF-6B7E-4721-9037-CDAC2C6BCB68}.Ad-Hoc|iPhone.Deploy.0 = Release|x86
		{464A34CF-6B7E-4721-9037-CDAC2C6BCB68}.Ad-Hoc|iPhoneSimulator.ActiveCfg = Release|x86
		{464A34CF-6B7E-4721-9037-CDAC2C6BCB68}.Ad-Hoc|iPhoneSimulator.Build.0 = Release|x86
		{464A34CF-6B7E-4721-9037-CDAC2C6BCB68}.Ad-Hoc|iPhoneSimulator.Deploy.0 = Release|x86
		{464A34CF-6B7E-4721-9037-CDAC2C6BCB68}.Ad-Hoc|x64.ActiveCfg = Release|x64
		{464A34CF-6B7E-4721-9037-CDAC2C6BCB68}.Ad-Hoc|x64.Build.0 = Release|x64
		{464A34CF-6B7E-4721-9037-CDAC2C6BCB68}.Ad-Hoc|x64.Deploy.0 = Release|x64
		{464A34CF-6B7E-4721-9037-CDAC2C6BCB68}.Ad-Hoc|x86.ActiveCfg = Release|x86
		{464A34CF-6B7E-4721-9037-CDAC2C6BCB68}.Ad-Hoc|x86.Build.0 = Release|x86
		{464A34CF-6B7E-4721-9037-CDAC2C6BCB68}.Ad-Hoc|x86.Deploy.0 = Release|x86
		{464A34CF-6B7E-4721-9037-CDAC2C6BCB68}.AppStore|Any CPU.ActiveCfg = Release|x86
		{464A34CF-6B7E-4721-9037-CDAC2C6BCB68}.AppStore|Any CPU.Build.0 = Release|x86
		{464A34CF-6B7E-4721-9037-CDAC2C6BCB68}.AppStore|Any CPU.Deploy.0 = Release|x86
		{464A34CF-6B7E-4721-9037-CDAC2C6BCB68}.AppStore|ARM.ActiveCfg = Release|ARM
		{464A34CF-6B7E-4721-9037-CDAC2C6BCB68}.AppStore|ARM.Build.0 = Release|ARM
		{464A34CF-6B7E-4721-9037-CDAC2C6BCB68}.AppStore|ARM.Deploy.0 = Release|ARM
		{464A34CF-6B7E-4721-9037-CDAC2C6BCB68}.AppStore|iPhone.ActiveCfg = Release|x86
		{464A34CF-6B7E-4721-9037-CDAC2C6BCB68}.AppStore|iPhone.Build.0 = Release|x86
		{464A34CF-6B7E-4721-9037-CDAC2C6BCB68}.AppStore|iPhone.Deploy.0 = Release|x86
		{464A34CF-6B7E-4721-9037-CDAC2C6BCB68}.AppStore|iPhoneSimulator.ActiveCfg = Release|x86
		{464A34CF-6B7E-4721-9037-CDAC2C6BCB68}.AppStore|iPhoneSimulator.Build.0 = Release|x86
		{464A34CF-6B7E-4721-9037-CDAC2C6BCB68}.AppStore|iPhoneSimulator.Deploy.0 = Release|x86
		{464A34CF-6B7E-4721-9037-CDAC2C6BCB68}.AppStore|x64.ActiveCfg = Release|x64
		{464A34CF-6B7E-4721-9037-CDAC2C6BCB68}.AppStore|x64.Build.0 = Release|x64
		{464A34CF-6B7E-4721-9037-CDAC2C6BCB68}.AppStore|x64.Deploy.0 = Release|x64
		{464A34CF-6B7E-4721-9037-CDAC2C6BCB68}.AppStore|x86.ActiveCfg = Release|x86
		{464A34CF-6B7E-4721-9037-CDAC2C6BCB68}.AppStore|x86.Build.0 = Release|x86
		{464A34CF-6B7E-4721-9037-CDAC2C6BCB68}.AppStore|x86.Deploy.0 = Release|x86
		{464A34CF-6B7E-4721-9037-CDAC2C6BCB68}.Debug|Any CPU.ActiveCfg = Debug|x86
		{464A34CF-6B7E-4721-9037-CDAC2C6BCB68}.Debug|Any CPU.Build.0 = Debug|x86
		{464A34CF-6B7E-4721-9037-CDAC2C6BCB68}.Debug|Any CPU.Deploy.0 = Debug|x86
		{464A34CF-6B7E-4721-9037-CDAC2C6BCB68}.Debug|ARM.ActiveCfg = Debug|ARM
		{464A34CF-6B7E-4721-9037-CDAC2C6BCB68}.Debug|ARM.Build.0 = Debug|ARM
		{464A34CF-6B7E-4721-9037-CDAC2C6BCB68}.Debug|ARM.Deploy.0 = Debug|ARM
		{464A34CF-6B7E-4721-9037-CDAC2C6BCB68}.Debug|iPhone.ActiveCfg = Debug|x86
		{464A34CF-6B7E-4721-9037-CDAC2C6BCB68}.Debug|iPhoneSimulator.ActiveCfg = Debug|x86
		{464A34CF-6B7E-4721-9037-CDAC2C6BCB68}.Debug|x64.ActiveCfg = Debug|x64
		{464A34CF-6B7E-4721-9037-CDAC2C6BCB68}.Debug|x64.Build.0 = Debug|x64
		{464A34CF-6B7E-4721-9037-CDAC2C6BCB68}.Debug|x64.Deploy.0 = Debug|x64
		{464A34CF-6B7E-4721-9037-CDAC2C6BCB68}.Debug|x86.ActiveCfg = Debug|x86
		{464A34CF-6B7E-4721-9037-CDAC2C6BCB68}.Debug|x86.Build.0 = Debug|x86
		{464A34CF-6B7E-4721-9037-CDAC2C6BCB68}.Debug|x86.Deploy.0 = Debug|x86
		{464A34CF-6B7E-4721-9037-CDAC2C6BCB68}.Release|Any CPU.ActiveCfg = Release|x86
		{464A34CF-6B7E-4721-9037-CDAC2C6BCB68}.Release|ARM.ActiveCfg = Release|ARM
		{464A34CF-6B7E-4721-9037-CDAC2C6BCB68}.Release|ARM.Build.0 = Release|ARM
		{464A34CF-6B7E-4721-9037-CDAC2C6BCB68}.Release|ARM.Deploy.0 = Release|ARM
		{464A34CF-6B7E-4721-9037-CDAC2C6BCB68}.Release|iPhone.ActiveCfg = Release|x86
		{464A34CF-6B7E-4721-9037-CDAC2C6BCB68}.Release|iPhoneSimulator.ActiveCfg = Release|x86
		{464A34CF-6B7E-4721-9037-CDAC2C6BCB68}.Release|x64.ActiveCfg = Release|x64
		{464A34CF-6B7E-4721-9037-CDAC2C6BCB68}.Release|x64.Build.0 = Release|x64
		{464A34CF-6B7E-4721-9037-CDAC2C6BCB68}.Release|x64.Deploy.0 = Release|x64
		{464A34CF-6B7E-4721-9037-CDAC2C6BCB68}.Release|x86.ActiveCfg = Release|x86
		{464A34CF-6B7E-4721-9037-CDAC2C6BCB68}.Release|x86.Build.0 = Release|x86
		{464A34CF-6B7E-4721-9037-CDAC2C6BCB68}.Release|x86.Deploy.0 = Release|x86
	EndGlobalSection
	GlobalSection(SolutionProperties) = preSolution
		HideSolutionNode = FALSE
	EndGlobalSection
EndGlobal
